
Microsoft Visual Studio Solution File, Format Version 12.00
# Visual Studio 14
VisualStudioVersion = 14.0.23107.0
MinimumVisualStudioVersion = 10.0.40219.1
Project("{FAE04EC0-301F-11D3-BF4B-00C04F79EFBC}") = "CoachingPlan.Infraestructure", "CoachingPlan.Infraestructure\CoachingPlan.Infraestructure.csproj", "{DF8E49E8-2723-41C6-B598-E34581AE55F3}"
EndProject
Project("{FAE04EC0-301F-11D3-BF4B-00C04F79EFBC}") = "CoachingPlan.Domain", "CoachingPlan.Domain\CoachingPlan.Domain.csproj", "{981571FF-7C77-4F43-BFF3-E9692FDAB8FB}"
EndProject
Project("{F088123C-0E9E-452A-89E6-6BA2F21D5CAC}") = "CoachingPlan.UML", "CoachingPlan.UML\CoachingPlan.UML.modelproj", "{B61829BD-752D-495F-9A4C-388675BF2AF8}"
EndProject
Project("{FAE04EC0-301F-11D3-BF4B-00C04F79EFBC}") = "CoachingPlan.Domain.Tests", "CoachingPlan.Domain.Tests\CoachingPlan.Domain.Tests.csproj", "{E394B8B1-0CF7-41E1-9BEC-1A7123B198B6}"
EndProject
Project("{FAE04EC0-301F-11D3-BF4B-00C04F79EFBC}") = "CoachingPlan.ApplicationService", "CoachingPlan.ApplicationService\CoachingPlan.ApplicationService.csproj", "{4182D656-1CA2-4A9E-B0FE-F9754280EF97}"
EndProject
Project("{FAE04EC0-301F-11D3-BF4B-00C04F79EFBC}") = "CoachingPlan.CrossCutting", "CoachingPlan.CrossCutting\CoachingPlan.CrossCutting.csproj", "{445944EB-873D-4265-A01B-181FFCDC0B1C}"
EndProject
Project("{FAE04EC0-301F-11D3-BF4B-00C04F79EFBC}") = "CoachingPlan.SharedKernel", "CoachingPlan.SharedKernel\CoachingPlan.SharedKernel.csproj", "{B2E14F3C-DFEA-49F5-BDB1-874DC4A47EB0}"
EndProject
Project("{FAE04EC0-301F-11D3-BF4B-00C04F79EFBC}") = "CoachingPlan.API", "CoachingPlan.API\CoachingPlan.API.csproj", "{F727BAA2-2458-4492-8F07-9327610F488D}"
EndProject
Global
	GlobalSection(SolutionConfigurationPlatforms) = preSolution
		Debug|Any CPU = Debug|Any CPU
		Release|Any CPU = Release|Any CPU
	EndGlobalSection
	GlobalSection(ProjectConfigurationPlatforms) = postSolution
		{DF8E49E8-2723-41C6-B598-E34581AE55F3}.Debug|Any CPU.ActiveCfg = Debug|Any CPU
		{DF8E49E8-2723-41C6-B598-E34581AE55F3}.Debug|Any CPU.Build.0 = Debug|Any CPU
		{DF8E49E8-2723-41C6-B598-E34581AE55F3}.Release|Any CPU.ActiveCfg = Release|Any CPU
		{DF8E49E8-2723-41C6-B598-E34581AE55F3}.Release|Any CPU.Build.0 = Release|Any CPU
		{981571FF-7C77-4F43-BFF3-E9692FDAB8FB}.Debug|Any CPU.ActiveCfg = Debug|Any CPU
		{981571FF-7C77-4F43-BFF3-E9692FDAB8FB}.Debug|Any CPU.Build.0 = Debug|Any CPU
		{981571FF-7C77-4F43-BFF3-E9692FDAB8FB}.Release|Any CPU.ActiveCfg = Release|Any CPU
		{981571FF-7C77-4F43-BFF3-E9692FDAB8FB}.Release|Any CPU.Build.0 = Release|Any CPU
		{B61829BD-752D-495F-9A4C-388675BF2AF8}.Debug|Any CPU.ActiveCfg = Debug|Any CPU
		{B61829BD-752D-495F-9A4C-388675BF2AF8}.Debug|Any CPU.Build.0 = Debug|Any CPU
		{B61829BD-752D-495F-9A4C-388675BF2AF8}.Release|Any CPU.ActiveCfg = Release|Any CPU
		{B61829BD-752D-495F-9A4C-388675BF2AF8}.Release|Any CPU.Build.0 = Release|Any CPU
		{E394B8B1-0CF7-41E1-9BEC-1A7123B198B6}.Debug|Any CPU.ActiveCfg = Debug|Any CPU
		{E394B8B1-0CF7-41E1-9BEC-1A7123B198B6}.Debug|Any CPU.Build.0 = Debug|Any CPU
		{E394B8B1-0CF7-41E1-9BEC-1A7123B198B6}.Release|Any CPU.ActiveCfg = Release|Any CPU
		{E394B8B1-0CF7-41E1-9BEC-1A7123B198B6}.Release|Any CPU.Build.0 = Release|Any CPU
		{4182D656-1CA2-4A9E-B0FE-F9754280EF97}.Debug|Any CPU.ActiveCfg = Debug|Any CPU
		{4182D656-1CA2-4A9E-B0FE-F9754280EF97}.Debug|Any CPU.Build.0 = Debug|Any CPU
		{4182D656-1CA2-4A9E-B0FE-F9754280EF97}.Release|Any CPU.ActiveCfg = Release|Any CPU
		{4182D656-1CA2-4A9E-B0FE-F9754280EF97}.Release|Any CPU.Build.0 = Release|Any CPU
		{445944EB-873D-4265-A01B-181FFCDC0B1C}.Debug|Any CPU.ActiveCfg = Debug|Any CPU
		{445944EB-873D-4265-A01B-181FFCDC0B1C}.Debug|Any CPU.Build.0 = Debug|Any CPU
		{445944EB-873D-4265-A01B-181FFCDC0B1C}.Release|Any CPU.ActiveCfg = Release|Any CPU
		{445944EB-873D-4265-A01B-181FFCDC0B1C}.Release|Any CPU.Build.0 = Release|Any CPU
		{B2E14F3C-DFEA-49F5-BDB1-874DC4A47EB0}.Debug|Any CPU.ActiveCfg = Debug|Any CPU
		{B2E14F3C-DFEA-49F5-BDB1-874DC4A47EB0}.Debug|Any CPU.Build.0 = Debug|Any CPU
		{B2E14F3C-DFEA-49F5-BDB1-874DC4A47EB0}.Release|Any CPU.ActiveCfg = Release|Any CPU
		{B2E14F3C-DFEA-49F5-BDB1-874DC4A47EB0}.Release|Any CPU.Build.0 = Release|Any CPU
		{F727BAA2-2458-4492-8F07-9327610F488D}.Debug|Any CPU.ActiveCfg = Debug|Any CPU
		{F727BAA2-2458-4492-8F07-9327610F488D}.Debug|Any CPU.Build.0 = Debug|Any CPU
		{F727BAA2-2458-4492-8F07-9327610F488D}.Release|Any CPU.ActiveCfg = Release|Any CPU
		{F727BAA2-2458-4492-8F07-9327610F488D}.Release|Any CPU.Build.0 = Release|Any CPU
	EndGlobalSection
	GlobalSection(SolutionProperties) = preSolution
		HideSolutionNode = FALSE
	EndGlobalSection
EndGlobal
